
Microsoft Visual Studio Solution File, Format Version 12.00
# Visual Studio Version 17
VisualStudioVersion = 17.0.31903.59
MinimumVisualStudioVersion = 10.0.40219.1
Project("{FAE04EC0-301F-11D3-BF4B-00C04F79EFBC}") = "QuantLifecycleEngine.Host", "QuantLifecycleEngine.Host\QuantLifecycleEngine.Host.csproj", "{5A525BEA-78AD-4786-9CE8-B8347A94FEF9}"
EndProject
Project("{FAE04EC0-301F-11D3-BF4B-00C04F79EFBC}") = "QuantLifecycleEngine.Domain", "QuantLifecycleEngine.Domain\QuantLifecycleEngine.Domain.csproj", "{E5378D57-ADAE-4393-8A99-2B33EF447668}"
EndProject
Project("{FAE04EC0-301F-11D3-BF4B-00C04F79EFBC}") = "QuantLifecycleEngine.Application", "QuantLifecycleEngine.Application\QuantLifecycleEngine.Application.csproj", "{F2F941F1-8714-4851-A284-C73178E2B235}"
EndProject
Project("{FAE04EC0-301F-11D3-BF4B-00C04F79EFBC}") = "QuantLifecycleEngine.Infrastructure", "QuantLifecycleEngine.Infrastructure\QuantLifecycleEngine.Infrastructure.csproj", "{143A15CA-B246-423E-9463-45A18305BB8C}"
EndProject
Project("{FAE04EC0-301F-11D3-BF4B-00C04F79EFBC}") = "QuantLifecycleEngine.Backtesting", "QuantLifecycleEngine.Backtesting\QuantLifecycleEngine.Backtesting.csproj", "{B50D5653-F81E-4863-A87E-73C977D12EF4}"
EndProject
Project("{FAE04EC0-301F-11D3-BF4B-00C04F79EFBC}") = "QuantLifecycleEngine.Domain.Tests", "..\tests\QuantLifecycleEngine.Domain.Tests\QuantLifecycleEngine.Domain.Tests.csproj", "{956B100C-1D29-430E-92CF-8EC4FBE07ADA}"
EndProject
Project("{FAE04EC0-301F-11D3-BF4B-00C04F79EFBC}") = "QuantLifecycleEngine.Application.Tests", "..\tests\QuantLifecycleEngine.Application.Tests\QuantLifecycleEngine.Application.Tests.csproj", "{A85BDF82-50F5-4D20-B6C1-772A53B7E102}"
EndProject
Project("{FAE04EC0-301F-11D3-BF4B-00C04F79EFBC}") = "QuantLifecycleEngine.Infrastructure.Tests", "..\tests\QuantLifecycleEngine.Infrastructure.Tests\QuantLifecycleEngine.Infrastructure.Tests.csproj", "{8D3962D7-2676-4781-9B1D-0F8005BB75F9}"
EndProject
Project("{FAE04EC0-301F-11D3-BF4B-00C04F79EFBC}") = "QuantLifecycleEngine.Backtesting.Tests", "..\tests\QuantLifecycleEngine.Backtesting.Tests\QuantLifecycleEngine.Backtesting.Tests.csproj", "{E67D9286-8EB6-4B9A-BC28-95A6B7AB63EC}"
EndProject
Global
	GlobalSection(SolutionConfigurationPlatforms) = preSolution
		Debug|Any CPU = Debug|Any CPU
		Debug|x64 = Debug|x64
		Debug|x86 = Debug|x86
		Release|Any CPU = Release|Any CPU
		Release|x64 = Release|x64
		Release|x86 = Release|x86
	EndGlobalSection
	GlobalSection(ProjectConfigurationPlatforms) = postSolution
		{5A525BEA-78AD-4786-9CE8-B8347A94FEF9}.Debug|Any CPU.ActiveCfg = Debug|Any CPU
		{5A525BEA-78AD-4786-9CE8-B8347A94FEF9}.Debug|Any CPU.Build.0 = Debug|Any CPU
		{5A525BEA-78AD-4786-9CE8-B8347A94FEF9}.Debug|x64.ActiveCfg = Debug|Any CPU
		{5A525BEA-78AD-4786-9CE8-B8347A94FEF9}.Debug|x64.Build.0 = Debug|Any CPU
		{5A525BEA-78AD-4786-9CE8-B8347A94FEF9}.Debug|x86.ActiveCfg = Debug|Any CPU
		{5A525BEA-78AD-4786-9CE8-B8347A94FEF9}.Debug|x86.Build.0 = Debug|Any CPU
		{5A525BEA-78AD-4786-9CE8-B8347A94FEF9}.Release|Any CPU.ActiveCfg = Release|Any CPU
		{5A525BEA-78AD-4786-9CE8-B8347A94FEF9}.Release|Any CPU.Build.0 = Release|Any CPU
		{5A525BEA-78AD-4786-9CE8-B8347A94FEF9}.Release|x64.ActiveCfg = Release|Any CPU
		{5A525BEA-78AD-4786-9CE8-B8347A94FEF9}.Release|x64.Build.0 = Release|Any CPU
		{5A525BEA-78AD-4786-9CE8-B8347A94FEF9}.Release|x86.ActiveCfg = Release|Any CPU
		{5A525BEA-78AD-4786-9CE8-B8347A94FEF9}.Release|x86.Build.0 = Release|Any CPU
		{E5378D57-ADAE-4393-8A99-2B33EF447668}.Debug|Any CPU.ActiveCfg = Debug|Any CPU
		{E5378D57-ADAE-4393-8A99-2B33EF447668}.Debug|Any CPU.Build.0 = Debug|Any CPU
		{E5378D57-ADAE-4393-8A99-2B33EF447668}.Debug|x64.ActiveCfg = Debug|Any CPU
		{E5378D57-ADAE-4393-8A99-2B33EF447668}.Debug|x64.Build.0 = Debug|Any CPU
		{E5378D57-ADAE-4393-8A99-2B33EF447668}.Debug|x86.ActiveCfg = Debug|Any CPU
		{E5378D57-ADAE-4393-8A99-2B33EF447668}.Debug|x86.Build.0 = Debug|Any CPU
		{E5378D57-ADAE-4393-8A99-2B33EF447668}.Release|Any CPU.ActiveCfg = Release|Any CPU
		{E5378D57-ADAE-4393-8A99-2B33EF447668}.Release|Any CPU.Build.0 = Release|Any CPU
		{E5378D57-ADAE-4393-8A99-2B33EF447668}.Release|x64.ActiveCfg = Release|Any CPU
		{E5378D57-ADAE-4393-8A99-2B33EF447668}.Release|x64.Build.0 = Release|Any CPU
		{E5378D57-ADAE-4393-8A99-2B33EF447668}.Release|x86.ActiveCfg = Release|Any CPU
		{E5378D57-ADAE-4393-8A99-2B33EF447668}.Release|x86.Build.0 = Release|Any CPU
		{F2F941F1-8714-4851-A284-C73178E2B235}.Debug|Any CPU.ActiveCfg = Debug|Any CPU
		{F2F941F1-8714-4851-A284-C73178E2B235}.Debug|Any CPU.Build.0 = Debug|Any CPU
		{F2F941F1-8714-4851-A284-C73178E2B235}.Debug|x64.ActiveCfg = Debug|Any CPU
		{F2F941F1-8714-4851-A284-C73178E2B235}.Debug|x64.Build.0 = Debug|Any CPU
		{F2F941F1-8714-4851-A284-C73178E2B235}.Debug|x86.ActiveCfg = Debug|Any CPU
		{F2F941F1-8714-4851-A284-C73178E2B235}.Debug|x86.Build.0 = Debug|Any CPU
		{F2F941F1-8714-4851-A284-C73178E2B235}.Release|Any CPU.ActiveCfg = Release|Any CPU
		{F2F941F1-8714-4851-A284-C73178E2B235}.Release|Any CPU.Build.0 = Release|Any CPU
		{F2F941F1-8714-4851-A284-C73178E2B235}.Release|x64.ActiveCfg = Release|Any CPU
		{F2F941F1-8714-4851-A284-C73178E2B235}.Release|x64.Build.0 = Release|Any CPU
		{F2F941F1-8714-4851-A284-C73178E2B235}.Release|x86.ActiveCfg = Release|Any CPU
		{F2F941F1-8714-4851-A284-C73178E2B235}.Release|x86.Build.0 = Release|Any CPU
		{143A15CA-B246-423E-9463-45A18305BB8C}.Debug|Any CPU.ActiveCfg = Debug|Any CPU
		{143A15CA-B246-423E-9463-45A18305BB8C}.Debug|Any CPU.Build.0 = Debug|Any CPU
		{143A15CA-B246-423E-9463-45A18305BB8C}.Debug|x64.ActiveCfg = Debug|Any CPU
		{143A15CA-B246-423E-9463-45A18305BB8C}.Debug|x64.Build.0 = Debug|Any CPU
		{143A15CA-B246-423E-9463-45A18305BB8C}.Debug|x86.ActiveCfg = Debug|Any CPU
		{143A15CA-B246-423E-9463-45A18305BB8C}.Debug|x86.Build.0 = Debug|Any CPU
		{143A15CA-B246-423E-9463-45A18305BB8C}.Release|Any CPU.ActiveCfg = Release|Any CPU
		{143A15CA-B246-423E-9463-45A18305BB8C}.Release|Any CPU.Build.0 = Release|Any CPU
		{143A15CA-B246-423E-9463-45A18305BB8C}.Release|x64.ActiveCfg = Release|Any CPU
		{143A15CA-B246-423E-9463-45A18305BB8C}.Release|x64.Build.0 = Release|Any CPU
		{143A15CA-B246-423E-9463-45A18305BB8C}.Release|x86.ActiveCfg = Release|Any CPU
		{143A15CA-B246-423E-9463-45A18305BB8C}.Release|x86.Build.0 = Release|Any CPU
		{B50D5653-F81E-4863-A87E-73C977D12EF4}.Debug|Any CPU.ActiveCfg = Debug|Any CPU
		{B50D5653-F81E-4863-A87E-73C977D12EF4}.Debug|Any CPU.Build.0 = Debug|Any CPU
		{B50D5653-F81E-4863-A87E-73C977D12EF4}.Debug|x64.ActiveCfg = Debug|Any CPU
		{B50D5653-F81E-4863-A87E-73C977D12EF4}.Debug|x64.Build.0 = Debug|Any CPU
		{B50D5653-F81E-4863-A87E-73C977D12EF4}.Debug|x86.ActiveCfg = Debug|Any CPU
		{B50D5653-F81E-4863-A87E-73C977D12EF4}.Debug|x86.Build.0 = Debug|Any CPU
		{B50D5653-F81E-4863-A87E-73C977D12EF4}.Release|Any CPU.ActiveCfg = Release|Any CPU
		{B50D5653-F81E-4863-A87E-73C977D12EF4}.Release|Any CPU.Build.0 = Release|Any CPU
		{B50D5653-F81E-4863-A87E-73C977D12EF4}.Release|x64.ActiveCfg = Release|Any CPU
		{B50D5653-F81E-4863-A87E-73C977D12EF4}.Release|x64.Build.0 = Release|Any CPU
		{B50D5653-F81E-4863-A87E-73C977D12EF4}.Release|x86.ActiveCfg = Release|Any CPU
		{B50D5653-F81E-4863-A87E-73C977D12EF4}.Release|x86.Build.0 = Release|Any CPU
		{956B100C-1D29-430E-92CF-8EC4FBE07ADA}.Debug|Any CPU.ActiveCfg = Debug|Any CPU
		{956B100C-1D29-430E-92CF-8EC4FBE07ADA}.Debug|Any CPU.Build.0 = Debug|Any CPU
		{956B100C-1D29-430E-92CF-8EC4FBE07ADA}.Debug|x64.ActiveCfg = Debug|Any CPU
		{956B100C-1D29-430E-92CF-8EC4FBE07ADA}.Debug|x64.Build.0 = Debug|Any CPU
		{956B100C-1D29-430E-92CF-8EC4FBE07ADA}.Debug|x86.ActiveCfg = Debug|Any CPU
		{956B100C-1D29-430E-92CF-8EC4FBE07ADA}.Debug|x86.Build.0 = Debug|Any CPU
		{956B100C-1D29-430E-92CF-8EC4FBE07ADA}.Release|Any CPU.ActiveCfg = Release|Any CPU
		{956B100C-1D29-430E-92CF-8EC4FBE07ADA}.Release|Any CPU.Build.0 = Release|Any CPU
		{956B100C-1D29-430E-92CF-8EC4FBE07ADA}.Release|x64.ActiveCfg = Release|Any CPU
		{956B100C-1D29-430E-92CF-8EC4FBE07ADA}.Release|x64.Build.0 = Release|Any CPU
		{956B100C-1D29-430E-92CF-8EC4FBE07ADA}.Release|x86.ActiveCfg = Release|Any CPU
		{956B100C-1D29-430E-92CF-8EC4FBE07ADA}.Release|x86.Build.0 = Release|Any CPU
		{A85BDF82-50F5-4D20-B6C1-772A53B7E102}.Debug|Any CPU.ActiveCfg = Debug|Any CPU
		{A85BDF82-50F5-4D20-B6C1-772A53B7E102}.Debug|Any CPU.Build.0 = Debug|Any CPU
		{A85BDF82-50F5-4D20-B6C1-772A53B7E102}.Debug|x64.ActiveCfg = Debug|Any CPU
		{A85BDF82-50F5-4D20-B6C1-772A53B7E102}.Debug|x64.Build.0 = Debug|Any CPU
		{A85BDF82-50F5-4D20-B6C1-772A53B7E102}.Debug|x86.ActiveCfg = Debug|Any CPU
		{A85BDF82-50F5-4D20-B6C1-772A53B7E102}.Debug|x86.Build.0 = Debug|Any CPU
		{A85BDF82-50F5-4D20-B6C1-772A53B7E102}.Release|Any CPU.ActiveCfg = Release|Any CPU
		{A85BDF82-50F5-4D20-B6C1-772A53B7E102}.Release|Any CPU.Build.0 = Release|Any CPU
		{A85BDF82-50F5-4D20-B6C1-772A53B7E102}.Release|x64.ActiveCfg = Release|Any CPU
		{A85BDF82-50F5-4D20-B6C1-772A53B7E102}.Release|x64.Build.0 = Release|Any CPU
		{A85BDF82-50F5-4D20-B6C1-772A53B7E102}.Release|x86.ActiveCfg = Release|Any CPU
		{A85BDF82-50F5-4D20-B6C1-772A53B7E102}.Release|x86.Build.0 = Release|Any CPU
		{8D3962D7-2676-4781-9B1D-0F8005BB75F9}.Debug|Any CPU.ActiveCfg = Debug|Any CPU
		{8D3962D7-2676-4781-9B1D-0F8005BB75F9}.Debug|Any CPU.Build.0 = Debug|Any CPU
		{8D3962D7-2676-4781-9B1D-0F8005BB75F9}.Debug|x64.ActiveCfg = Debug|Any CPU
		{8D3962D7-2676-4781-9B1D-0F8005BB75F9}.Debug|x64.Build.0 = Debug|Any CPU
		{8D3962D7-2676-4781-9B1D-0F8005BB75F9}.Debug|x86.ActiveCfg = Debug|Any CPU
		{8D3962D7-2676-4781-9B1D-0F8005BB75F9}.Debug|x86.Build.0 = Debug|Any CPU
		{8D3962D7-2676-4781-9B1D-0F8005BB75F9}.Release|Any CPU.ActiveCfg = Release|Any CPU
		{8D3962D7-2676-4781-9B1D-0F8005BB75F9}.Release|Any CPU.Build.0 = Release|Any CPU
		{8D3962D7-2676-4781-9B1D-0F8005BB75F9}.Release|x64.ActiveCfg = Release|Any CPU
		{8D3962D7-2676-4781-9B1D-0F8005BB75F9}.Release|x64.Build.0 = Release|Any CPU
		{8D3962D7-2676-4781-9B1D-0F8005BB75F9}.Release|x86.ActiveCfg = Release|Any CPU
		{8D3962D7-2676-4781-9B1D-0F8005BB75F9}.Release|x86.Build.0 = Release|Any CPU
		{E67D9286-8EB6-4B9A-BC28-95A6B7AB63EC}.Debug|Any CPU.ActiveCfg = Debug|Any CPU
		{E67D9286-8EB6-4B9A-BC28-95A6B7AB63EC}.Debug|Any CPU.Build.0 = Debug|Any CPU
		{E67D9286-8EB6-4B9A-BC28-95A6B7AB63EC}.Debug|x64.ActiveCfg = Debug|Any CPU
		{E67D9286-8EB6-4B9A-BC28-95A6B7AB63EC}.Debug|x64.Build.0 = Debug|Any CPU
		{E67D9286-8EB6-4B9A-BC28-95A6B7AB63EC}.Debug|x86.ActiveCfg = Debug|Any CPU
		{E67D9286-8EB6-4B9A-BC28-95A6B7AB63EC}.Debug|x86.Build.0 = Debug|Any CPU
		{E67D9286-8EB6-4B9A-BC28-95A6B7AB63EC}.Release|Any CPU.ActiveCfg = Release|Any CPU
		{E67D9286-8EB6-4B9A-BC28-95A6B7AB63EC}.Release|Any CPU.Build.0 = Release|Any CPU
		{E67D9286-8EB6-4B9A-BC28-95A6B7AB63EC}.Release|x64.ActiveCfg = Release|Any CPU
		{E67D9286-8EB6-4B9A-BC28-95A6B7AB63EC}.Release|x64.Build.0 = Release|Any CPU
		{E67D9286-8EB6-4B9A-BC28-95A6B7AB63EC}.Release|x86.ActiveCfg = Release|Any CPU
		{E67D9286-8EB6-4B9A-BC28-95A6B7AB63EC}.Release|x86.Build.0 = Release|Any CPU
	EndGlobalSection
	GlobalSection(SolutionProperties) = preSolution
		HideSolutionNode = FALSE
	EndGlobalSection
EndGlobal
